
Microsoft Visual Studio Solution File, Format Version 12.00
# Visual Studio Version 17
VisualStudioVersion = 17.9.34728.123
MinimumVisualStudioVersion = 10.0.40219.1
Project("{FAE04EC0-301F-11D3-BF4B-00C04F79EFBC}") = "Primos", "Primos\Primos.csproj", "{D30BA975-2A8F-4CF6-BC35-BE8C67E6DFBA}"
EndProject
Global
	GlobalSection(SolutionConfigurationPlatforms) = preSolution
		Debug|Any CPU = Debug|Any CPU
		Release|Any CPU = Release|Any CPU
	EndGlobalSection
	GlobalSection(ProjectConfigurationPlatforms) = postSolution
		{D30BA975-2A8F-4CF6-BC35-BE8C67E6DFBA}.Debug|Any CPU.ActiveCfg = Debug|Any CPU
		{D30BA975-2A8F-4CF6-BC35-BE8C67E6DFBA}.Debug|Any CPU.Build.0 = Debug|Any CPU
		{D30BA975-2A8F-4CF6-BC35-BE8C67E6DFBA}.Release|Any CPU.ActiveCfg = Release|Any CPU
		{D30BA975-2A8F-4CF6-BC35-BE8C67E6DFBA}.Release|Any CPU.Build.0 = Release|Any CPU
	EndGlobalSection
	GlobalSection(SolutionProperties) = preSolution
		HideSolutionNode = FALSE
	EndGlobalSection
	GlobalSection(ExtensibilityGlobals) = postSolution
		SolutionGuid = {5B60AC2A-6754-41E1-A01B-84B7B764A32C}
	EndGlobalSection
EndGlobal
