
Microsoft Visual Studio Solution File, Format Version 12.00
# Visual Studio Version 17
VisualStudioVersion = 17.9.34728.123
MinimumVisualStudioVersion = 10.0.40219.1
Project("{FAE04EC0-301F-11D3-BF4B-00C04F79EFBC}") = "NumNa0", "NumNa0\NumNa0.csproj", "{AF3E19A2-BC83-4BE7-AC7E-FDF6B5AF2683}"
EndProject
Global
	GlobalSection(SolutionConfigurationPlatforms) = preSolution
		Debug|Any CPU = Debug|Any CPU
		Release|Any CPU = Release|Any CPU
	EndGlobalSection
	GlobalSection(ProjectConfigurationPlatforms) = postSolution
		{AF3E19A2-BC83-4BE7-AC7E-FDF6B5AF2683}.Debug|Any CPU.ActiveCfg = Debug|Any CPU
		{AF3E19A2-BC83-4BE7-AC7E-FDF6B5AF2683}.Debug|Any CPU.Build.0 = Debug|Any CPU
		{AF3E19A2-BC83-4BE7-AC7E-FDF6B5AF2683}.Release|Any CPU.ActiveCfg = Release|Any CPU
		{AF3E19A2-BC83-4BE7-AC7E-FDF6B5AF2683}.Release|Any CPU.Build.0 = Release|Any CPU
	EndGlobalSection
	GlobalSection(SolutionProperties) = preSolution
		HideSolutionNode = FALSE
	EndGlobalSection
	GlobalSection(ExtensibilityGlobals) = postSolution
		SolutionGuid = {E632A28E-C203-4A3B-BE48-29CC1CDD1F14}
	EndGlobalSection
EndGlobal
